
Microsoft Visual Studio Solution File, Format Version 12.00
# Visual Studio Version 16
VisualStudioVersion = 16.0.30114.105
MinimumVisualStudioVersion = 10.0.40219.1
Project("{FAE04EC0-301F-11D3-BF4B-00C04F79EFBC}") = "CarRent", "src\CarRent.csproj", "{EB143AD4-4CFE-4282-B73C-76BD38252257}"
EndProject
Project("{FAE04EC0-301F-11D3-BF4B-00C04F79EFBC}") = "CarRent.Tests", "tests\CarRent.Tests.csproj", "{7DD48865-AA5B-4B31-9966-82A21171D843}"
EndProject
Global
	GlobalSection(SolutionConfigurationPlatforms) = preSolution
		Debug|Any CPU = Debug|Any CPU
		Release|Any CPU = Release|Any CPU
	EndGlobalSection
	GlobalSection(SolutionProperties) = preSolution
		HideSolutionNode = FALSE
	EndGlobalSection
	GlobalSection(ProjectConfigurationPlatforms) = postSolution
		{EB143AD4-4CFE-4282-B73C-76BD38252257}.Debug|Any CPU.ActiveCfg = Debug|Any CPU
		{EB143AD4-4CFE-4282-B73C-76BD38252257}.Debug|Any CPU.Build.0 = Debug|Any CPU
		{EB143AD4-4CFE-4282-B73C-76BD38252257}.Release|Any CPU.ActiveCfg = Release|Any CPU
		{EB143AD4-4CFE-4282-B73C-76BD38252257}.Release|Any CPU.Build.0 = Release|Any CPU
		{7DD48865-AA5B-4B31-9966-82A21171D843}.Debug|Any CPU.ActiveCfg = Debug|Any CPU
		{7DD48865-AA5B-4B31-9966-82A21171D843}.Debug|Any CPU.Build.0 = Debug|Any CPU
		{7DD48865-AA5B-4B31-9966-82A21171D843}.Release|Any CPU.ActiveCfg = Release|Any CPU
		{7DD48865-AA5B-4B31-9966-82A21171D843}.Release|Any CPU.Build.0 = Release|Any CPU
	EndGlobalSection
EndGlobal
